
Microsoft Visual Studio Solution File, Format Version 12.00
# Visual Studio Version 17
VisualStudioVersion = 17.8.34408.163
MinimumVisualStudioVersion = 10.0.40219.1
Project("{9A19103F-16F7-4668-BE54-9A1E7A4F7556}") = "VirtualWallet.WEB", "VirtualWallet.WEB\VirtualWallet.WEB.csproj", "{F1E40792-0AA3-4BC0-92D8-F90EB6DDB6D1}"
EndProject
Project("{9A19103F-16F7-4668-BE54-9A1E7A4F7556}") = "VirtualWallet.DATA", "VirtualWallet.DATA\VirtualWallet.DATA.csproj", "{7D8A8652-BC2D-42A4-8EB9-2AFAA7F14B62}"
EndProject
Project("{9A19103F-16F7-4668-BE54-9A1E7A4F7556}") = "VirtualWallet.BUSINESS", "VirtualWallet.BUSINESS\VirtualWallet.BUSINESS.csproj", "{8F6FC01C-C3BB-4EE7-A8F8-25EC195E1E43}"
EndProject
Project("{FAE04EC0-301F-11D3-BF4B-00C04F79EFBC}") = "VirtualWallet.TESTS.BUSINESS", "VirtualWallet.TESTS.BUSINESS\VirtualWallet.TESTS.BUSINESS.csproj", "{F0F05CEB-CA91-4A2E-BC4B-9735AE70B1E3}"
EndProject
Global
	GlobalSection(SolutionConfigurationPlatforms) = preSolution
		Debug|Any CPU = Debug|Any CPU
		Release|Any CPU = Release|Any CPU
	EndGlobalSection
	GlobalSection(ProjectConfigurationPlatforms) = postSolution
		{F1E40792-0AA3-4BC0-92D8-F90EB6DDB6D1}.Debug|Any CPU.ActiveCfg = Debug|Any CPU
		{F1E40792-0AA3-4BC0-92D8-F90EB6DDB6D1}.Debug|Any CPU.Build.0 = Debug|Any CPU
		{F1E40792-0AA3-4BC0-92D8-F90EB6DDB6D1}.Release|Any CPU.ActiveCfg = Release|Any CPU
		{F1E40792-0AA3-4BC0-92D8-F90EB6DDB6D1}.Release|Any CPU.Build.0 = Release|Any CPU
		{7D8A8652-BC2D-42A4-8EB9-2AFAA7F14B62}.Debug|Any CPU.ActiveCfg = Debug|Any CPU
		{7D8A8652-BC2D-42A4-8EB9-2AFAA7F14B62}.Debug|Any CPU.Build.0 = Debug|Any CPU
		{7D8A8652-BC2D-42A4-8EB9-2AFAA7F14B62}.Release|Any CPU.ActiveCfg = Release|Any CPU
		{7D8A8652-BC2D-42A4-8EB9-2AFAA7F14B62}.Release|Any CPU.Build.0 = Release|Any CPU
		{8F6FC01C-C3BB-4EE7-A8F8-25EC195E1E43}.Debug|Any CPU.ActiveCfg = Debug|Any CPU
		{8F6FC01C-C3BB-4EE7-A8F8-25EC195E1E43}.Debug|Any CPU.Build.0 = Debug|Any CPU
		{8F6FC01C-C3BB-4EE7-A8F8-25EC195E1E43}.Release|Any CPU.ActiveCfg = Release|Any CPU
		{8F6FC01C-C3BB-4EE7-A8F8-25EC195E1E43}.Release|Any CPU.Build.0 = Release|Any CPU
		{F0F05CEB-CA91-4A2E-BC4B-9735AE70B1E3}.Debug|Any CPU.ActiveCfg = Debug|Any CPU
		{F0F05CEB-CA91-4A2E-BC4B-9735AE70B1E3}.Debug|Any CPU.Build.0 = Debug|Any CPU
		{F0F05CEB-CA91-4A2E-BC4B-9735AE70B1E3}.Release|Any CPU.ActiveCfg = Release|Any CPU
		{F0F05CEB-CA91-4A2E-BC4B-9735AE70B1E3}.Release|Any CPU.Build.0 = Release|Any CPU
	EndGlobalSection
	GlobalSection(SolutionProperties) = preSolution
		HideSolutionNode = FALSE
	EndGlobalSection
	GlobalSection(ExtensibilityGlobals) = postSolution
		SolutionGuid = {D8FE8930-3B25-4816-963C-295FC94DBB48}
	EndGlobalSection
EndGlobal
